github.com/FortAwesome/Font-Awesome v0.0.0-20220322152429-28e297f07af2 h1:j40Kiqj94SeNPkDMUL0bYkSE4CLj8SBiuKBnI44gvfw=
github.com/FortAwesome/Font-Awesome v0.0.0-20220322152429-28e297f07af2/go.mod h1:IUgezN/MFpCDIlFezw3L8j83oeiIuYoj28Miwr/KUYo=
github.com/FortAwesome/Font-Awesome v4.7.0+incompatible h1:3trjm7NtX5NXlju1AxSWSzedDMq2hsfH78Qtqrc8EgY=
github.com/FortAwesome/Font-Awesome v4.7.0+incompatible/go.mod h1:IUgezN/MFpCDIlFezw3L8j83oeiIuYoj28Miwr/KUYo=
github.com/atisawd/boxicons v0.0.0-20220307201606-d644fb1f947c h1:/UVLPdxsDU5s/W8Xd5wXDlqbTwK6zE+yCYDY5Dk1EnI=
github.com/atisawd/boxicons v0.0.0-20220307201606-d644fb1f947c/go.mod h1:ygnh2qb2fz3TUT2N16LSYbf408OWhtel05FRcUstJww=
github.com/feathericons/feather v4.29.0+incompatible h1:vytfRPRkM6BUK+dhTrLgHcXYO5Uv1A/FFn7/tzxA0vI=
github.com/feathericons/feather v4.29.0+incompatible/go.mod h1:+F8Ba9cmRHWu0pOVoZtid0iwkNJ8hr959HyPwj3hsRg=
github.com/ianmuchina/hashflagArchive v0.0.0-20220330053001-15e6baf394a0 h1:c+WdNOhBKOPeNWyLIF6ETj9MlND8PmRdREydPWhhjVI=
github.com/ianmuchina/hashflagArchive v0.0.0-20220330053001-15e6baf394a0/go.mod h1:679zrGxLS2gi5SRReRjUgkQjJJBrSaV5NJtnxpxr4LY=
github.com/ianmuchina/hashflagArchive v0.0.0-20220402173203-b3fa26ee7dcf h1:yenpU4za7051/Cd4oDfVVzigUmMXmstRFozehnxkE94=
github.com/ianmuchina/hashflagArchive v0.0.0-20220402173203-b3fa26ee7dcf/go.mod h1:679zrGxLS2gi5SRReRjUgkQjJJBrSaV5NJtnxpxr4LY=
github.com/ianmuchina/hashflagArchive v0.0.0-20220409164744-028f7bf6ad77 h1:f/ydI2img5Y1hXn58C9EK3MJcckHliM1Q7bdStoXisc=
github.com/ianmuchina/hashflagArchive v0.0.0-20220409164744-028f7bf6ad77/go.mod h1:679zrGxLS2gi5SRReRjUgkQjJJBrSaV5NJtnxpxr4LY=
github.com/primer/octicons v17.0.0+incompatible h1:NxvRwxROaW6Z98eX4FBucaUHU4ZO5I7JDWimyrlIp1c=
github.com/primer/octicons v17.0.0+incompatible/go.mod h1:DKmE8NtHt2TiG07HTgZlh+sQiZpIoWQgsNcjJh+ouYI=
github.com/tailwindlabs/heroicons v1.0.6 h1:XquXj196+XH8+EUDC1wXKMCF6F2ziVKncN66bYgL/Eo=
github.com/tailwindlabs/heroicons v1.0.6/go.mod h1:2SHGOdw86jviBkoeQINcTfkzAAao9dciip4RsMS9xIg=
github.com/twbs/icons v1.8.1 h1:0friuyXfO1G6+oRt2lzry6uI5TjTjkI9IvAyplvd9oI=
github.com/twbs/icons v1.8.1/go.mod h1:GnRlymgVWp5iVJCMa0Me5b6tFyGpVc2bSxPMRGIJmyA=
