github.com/feathericons/feather v4.29.0+incompatible h1:vytfRPRkM6BUK+dhTrLgHcXYO5Uv1A/FFn7/tzxA0vI=
github.com/feathericons/feather v4.29.0+incompatible/go.mod h1:+F8Ba9cmRHWu0pOVoZtid0iwkNJ8hr959HyPwj3hsRg=
github.com/ianmuchina/hashflagArchive v0.0.0-20220620093412-a77475dde748 h1:QnCsx/yG3zfXoI281UmaavCyBh+T6w36gnUJk+nbMEg=
github.com/ianmuchina/hashflagArchive v0.0.0-20220620093412-a77475dde748/go.mod h1:679zrGxLS2gi5SRReRjUgkQjJJBrSaV5NJtnxpxr4LY=
