github.com/ianmuchina/hashflagArchive v0.0.0-20220330053001-15e6baf394a0 h1:c+WdNOhBKOPeNWyLIF6ETj9MlND8PmRdREydPWhhjVI=
github.com/ianmuchina/hashflagArchive v0.0.0-20220330053001-15e6baf394a0/go.mod h1:679zrGxLS2gi5SRReRjUgkQjJJBrSaV5NJtnxpxr4LY=
github.com/ianmuchina/hashflagArchive v0.0.0-20220402173203-b3fa26ee7dcf h1:yenpU4za7051/Cd4oDfVVzigUmMXmstRFozehnxkE94=
github.com/ianmuchina/hashflagArchive v0.0.0-20220402173203-b3fa26ee7dcf/go.mod h1:679zrGxLS2gi5SRReRjUgkQjJJBrSaV5NJtnxpxr4LY=
